Microsoft Visual Studio Solution File, Format Version 12.00
# Visual Studio Version 17
VisualStudioVersion = 17.5.2.0
MinimumVisualStudioVersion = 10.0.40219.1
Project("{FAE04EC0-301F-11D3-BF4B-00C04F79EFBC}") = "PeopleExercise.Web", "PeopleExercise.Web.csproj", "{D7DF1498-248A-9640-B965-68C3CF530408}"
EndProject
Global
	GlobalSection(SolutionConfigurationPlatforms) = preSolution
		Debug|Any CPU = Debug|Any CPU
		Release|Any CPU = Release|Any CPU
	EndGlobalSection
	GlobalSection(ProjectConfigurationPlatforms) = postSolution
		{D7DF1498-248A-9640-B965-68C3CF530408}.Debug|Any CPU.ActiveCfg = Debug|Any CPU
		{D7DF1498-248A-9640-B965-68C3CF530408}.Debug|Any CPU.Build.0 = Debug|Any CPU
		{D7DF1498-248A-9640-B965-68C3CF530408}.Release|Any CPU.ActiveCfg = Release|Any CPU
		{D7DF1498-248A-9640-B965-68C3CF530408}.Release|Any CPU.Build.0 = Release|Any CPU
	EndGlobalSection
	GlobalSection(SolutionProperties) = preSolution
		HideSolutionNode = FALSE
	EndGlobalSection
	GlobalSection(ExtensibilityGlobals) = postSolution
		SolutionGuid = {575E0FCB-912C-4D36-A78A-81443B9F51E3}
	EndGlobalSection
EndGlobal
